PODS:
  - Nimble (3.2.0)
  - Quick (0.9.2)
  - SwiftyJSON (2.3.2)
  - Szimpla (0.1.0):
    - SwiftyJSON
    - VCRURLConnection
  - VCRURLConnection (0.2.0)

DEPENDENCIES:
  - Nimble (~> 3.0)
  - Quick (~> 0.8)
  - Szimpla (from `../`)

EXTERNAL SOURCES:
  Szimpla:
    :path: "../"

SPEC CHECKSUMS:
  Nimble: 703854335d181df169bbca9c97117b5cf8c47c1d
  Quick: 18d057bc66451eedd5d1c8dc99ba2a5db6e60226
  SwiftyJSON: 04ccea08915aa0109039157c7974cf0298da292a
  Szimpla: c4a2d9d151ae229bb3e6c33091f4a3366f45e4d0
  VCRURLConnection: accd771ebd4be11183a3e4d5a4403f180a9a235e

PODFILE CHECKSUM: e6f71fac98cbe0df6b6f58b86452db4c6d514f3d

COCOAPODS: 1.0.0
