PODS:
  - NSURL+QueryDictionary (1.1.0)
  - Swifter (1.2.0)
  - SwiftyJSON (2.3.2)
  - Szimpla/Client (0.0.2):
    - SwiftyJSON
    - Szimpla/Core
  - Szimpla/Core (0.0.2)
  - Szimpla/Server (0.0.2):
    - NSURL+QueryDictionary
    - Swifter
    - SwiftyJSON
    - Szimpla/Core

DEPENDENCIES:
  - NSURL+QueryDictionary
  - Szimpla/Client (from `../`)
  - Szimpla/Server (from `../`)

EXTERNAL SOURCES:
  Szimpla:
    :path: "../"

SPEC CHECKSUMS:
  NSURL+QueryDictionary: dd0a5fec689a9b4780b6fa0e0225c01ca3ea653e
  Swifter: 20493bf45b97e3296f910665a1211129cf282db3
  SwiftyJSON: 04ccea08915aa0109039157c7974cf0298da292a
  Szimpla: 263252e118b1a835d9e47fdfb8d5a674d8eb04d4

PODFILE CHECKSUM: 64c617e8cf0791877986f7636b1d9211715dd2cb

COCOAPODS: 1.0.1
