// !$*UTF8*$!
{
	archiveVersion = 1;
	classes = {
	};
	objectVersion = 46;
	objects = {

/* Begin PBXBuildFile section */
		17AD835499E5B526C176A4A0 /* Pods_ServerTests.framework in Frameworks */ = {isa = PBXBuildFile; fileRef = 67CA0CB33EC95327DE33555F /* Pods_ServerTests.framework */; };
		232A56F61D2DFD8300BE0405 /* ServerSpec.swift in Sources */ = {isa = PBXBuildFile; fileRef = 232A56F51D2DFD8300BE0405 /* ServerSpec.swift */; };
		232A56FF1D2E0B5A00BE0405 /* UrlProtocolSpec.swift in Sources */ = {isa = PBXBuildFile; fileRef = 232A56FE1D2E0B5A00BE0405 /* UrlProtocolSpec.swift */; };
		232A57071D2E1DD300BE0405 /* RequestRemoteFetcherSpec.swift in Sources */ = {isa = PBXBuildFile; fileRef = 232A57061D2E1DD300BE0405 /* RequestRemoteFetcherSpec.swift */; };
		232A570D1D2E216400BE0405 /* RequestSpec.swift in Sources */ = {isa = PBXBuildFile; fileRef = 232A570C1D2E216400BE0405 /* RequestSpec.swift */; };
		232A570F1D2E2A8000BE0405 /* RequestsLocalFetcherSpec.swift in Sources */ = {isa = PBXBuildFile; fileRef = 232A570E1D2E2A8000BE0405 /* RequestsLocalFetcherSpec.swift */; };
		232A57121D2E2CE800BE0405 /* DefaultValidatorSpec.swift in Sources */ = {isa = PBXBuildFile; fileRef = 232A57111D2E2CE800BE0405 /* DefaultValidatorSpec.swift */; };
		232A57151D2E2E5400BE0405 /* FileManagerSpec.swift in Sources */ = {isa = PBXBuildFile; fileRef = 232A57141D2E2E5400BE0405 /* FileManagerSpec.swift */; };
		232A571A1D2E2FA600BE0405 /* URLRequestFilterSpec.swift in Sources */ = {isa = PBXBuildFile; fileRef = 232A57191D2E2FA600BE0405 /* URLRequestFilterSpec.swift */; };
		775B4403E3DE061AEBC8F588 /* Pods_ClientTests.framework in Frameworks */ = {isa = PBXBuildFile; fileRef = 21BFC3AB763FC54E9ACC4565 /* Pods_ClientTests.framework */; };
/* End PBXBuildFile section */

/* Begin PBXFileReference section */
		0852BBBAB129C23884212543 /* Pods-Szimpla_Tests.release.xcconfig */ = {isa = PBXFileReference; includeInIndex = 1; lastKnownFileType = text.xcconfig; name = "Pods-Szimpla_Tests.release.xcconfig"; path = "Pods/Target Support Files/Pods-Szimpla_Tests/Pods-Szimpla_Tests.release.xcconfig"; sourceTree = "<group>"; };
		1B83145D5E4163B6575A6546 /* Pods-AppUITests.debug.xcconfig */ = {isa = PBXFileReference; includeInIndex = 1; lastKnownFileType = text.xcconfig; name = "Pods-AppUITests.debug.xcconfig"; path = "Pods/Target Support Files/Pods-AppUITests/Pods-AppUITests.debug.xcconfig"; sourceTree = "<group>"; };
		21ADC4365660F4D871635F9C /* Pods-ServerTests.release.xcconfig */ = {isa = PBXFileReference; includeInIndex = 1; lastKnownFileType = text.xcconfig; name = "Pods-ServerTests.release.xcconfig"; path = "Pods/Target Support Files/Pods-ServerTests/Pods-ServerTests.release.xcconfig"; sourceTree = "<group>"; };
		21BFC3AB763FC54E9ACC4565 /* Pods_ClientTests.framework */ = {isa = PBXFileReference; explicitFileType = wrapper.framework; includeInIndex = 0; path = Pods_ClientTests.framework; sourceTree = BUILT_PRODUCTS_DIR; };
		232A56E71D2DFD3200BE0405 /* ClientTests.xctest */ = {isa = PBXFileReference; explicitFileType = wrapper.cfbundle; includeInIndex = 0; path = ClientTests.xctest; sourceTree = BUILT_PRODUCTS_DIR; };
		232A56EB1D2DFD3200BE0405 /* Info.plist */ = {isa = PBXFileReference; lastKnownFileType = text.plist.xml; path = Info.plist; sourceTree = "<group>"; };
		232A56F31D2DFD8300BE0405 /* ServerTests.xctest */ = {isa = PBXFileReference; explicitFileType = wrapper.cfbundle; includeInIndex = 0; path = ServerTests.xctest; sourceTree = BUILT_PRODUCTS_DIR; };
		232A56F51D2DFD8300BE0405 /* ServerSpec.swift */ = {isa = PBXFileReference; lastKnownFileType = sourcecode.swift; path = ServerSpec.swift; sourceTree = "<group>"; };
		232A56F71D2DFD8300BE0405 /* Info.plist */ = {isa = PBXFileReference; lastKnownFileType = text.plist.xml; path = Info.plist; sourceTree = "<group>"; };
		232A56FE1D2E0B5A00BE0405 /* UrlProtocolSpec.swift */ = {isa = PBXFileReference; fileEncoding = 4; lastKnownFileType = sourcecode.swift; path = UrlProtocolSpec.swift; sourceTree = "<group>"; };
		232A57061D2E1DD300BE0405 /* RequestRemoteFetcherSpec.swift */ = {isa = PBXFileReference; fileEncoding = 4; lastKnownFileType = sourcecode.swift; path = RequestRemoteFetcherSpec.swift; sourceTree = "<group>"; };
		232A570C1D2E216400BE0405 /* RequestSpec.swift */ = {isa = PBXFileReference; fileEncoding = 4; lastKnownFileType = sourcecode.swift; path = RequestSpec.swift; sourceTree = "<group>"; };
		232A570E1D2E2A8000BE0405 /* RequestsLocalFetcherSpec.swift */ = {isa = PBXFileReference; fileEncoding = 4; lastKnownFileType = sourcecode.swift; path = RequestsLocalFetcherSpec.swift; sourceTree = "<group>"; };
		232A57111D2E2CE800BE0405 /* DefaultValidatorSpec.swift */ = {isa = PBXFileReference; fileEncoding = 4; lastKnownFileType = sourcecode.swift; path = DefaultValidatorSpec.swift; sourceTree = "<group>"; };
		232A57141D2E2E5400BE0405 /* FileManagerSpec.swift */ = {isa = PBXFileReference; fileEncoding = 4; lastKnownFileType = sourcecode.swift; path = FileManagerSpec.swift; sourceTree = "<group>"; };
		232A57191D2E2FA600BE0405 /* URLRequestFilterSpec.swift */ = {isa = PBXFileReference; fileEncoding = 4; lastKnownFileType = sourcecode.swift; path = URLRequestFilterSpec.swift; sourceTree = "<group>"; };
		3A1A639891F9CE36431488FB /* Pods-Szimpla_Tests.debug.xcconfig */ = {isa = PBXFileReference; includeInIndex = 1; lastKnownFileType = text.xcconfig; name = "Pods-Szimpla_Tests.debug.xcconfig"; path = "Pods/Target Support Files/Pods-Szimpla_Tests/Pods-Szimpla_Tests.debug.xcconfig"; sourceTree = "<group>"; };
		40B86883224893E75A3CA9FB /* Pods-ClientTests.debug.xcconfig */ = {isa = PBXFileReference; includeInIndex = 1; lastKnownFileType = text.xcconfig; name = "Pods-ClientTests.debug.xcconfig"; path = "Pods/Target Support Files/Pods-ClientTests/Pods-ClientTests.debug.xcconfig"; sourceTree = "<group>"; };
		5696B604BEA41D164E328E20 /* Pods-ServerTests.debug.xcconfig */ = {isa = PBXFileReference; includeInIndex = 1; lastKnownFileType = text.xcconfig; name = "Pods-ServerTests.debug.xcconfig"; path = "Pods/Target Support Files/Pods-ServerTests/Pods-ServerTests.debug.xcconfig"; sourceTree = "<group>"; };
		66DF20FC0BE9C0541DFD6CD0 /* Pods-SzimplaClient_Tests.debug.xcconfig */ = {isa = PBXFileReference; includeInIndex = 1; lastKnownFileType = text.xcconfig; name = "Pods-SzimplaClient_Tests.debug.xcconfig"; path = "Pods/Target Support Files/Pods-SzimplaClient_Tests/Pods-SzimplaClient_Tests.debug.xcconfig"; sourceTree = "<group>"; };
		67CA0CB33EC95327DE33555F /* Pods_ServerTests.framework */ = {isa = PBXFileReference; explicitFileType = wrapper.framework; includeInIndex = 0; path = Pods_ServerTests.framework; sourceTree = BUILT_PRODUCTS_DIR; };
		72B147945EFF466A44B7FDC7 /* Pods_Szimpla_Tests.framework */ = {isa = PBXFileReference; explicitFileType = wrapper.framework; includeInIndex = 0; path = Pods_Szimpla_Tests.framework; sourceTree = BUILT_PRODUCTS_DIR; };
		7671EB4919FA180796400666 /* Pods_SzimplaServer_Tests.framework */ = {isa = PBXFileReference; explicitFileType = wrapper.framework; includeInIndex = 0; path = Pods_SzimplaServer_Tests.framework; sourceTree = BUILT_PRODUCTS_DIR; };
		76F845230F293ABF5C5324F1 /* Pods-SzimplaClient_Tests.release.xcconfig */ = {isa = PBXFileReference; includeInIndex = 1; lastKnownFileType = text.xcconfig; name = "Pods-SzimplaClient_Tests.release.xcconfig"; path = "Pods/Target Support Files/Pods-SzimplaClient_Tests/Pods-SzimplaClient_Tests.release.xcconfig"; sourceTree = "<group>"; };
		7971F139D9B40EC3D8CEF6D1 /* Pods-AppUITests.release.xcconfig */ = {isa = PBXFileReference; includeInIndex = 1; lastKnownFileType = text.xcconfig; name = "Pods-AppUITests.release.xcconfig"; path = "Pods/Target Support Files/Pods-AppUITests/Pods-AppUITests.release.xcconfig"; sourceTree = "<group>"; };
		927247C7606FDF18A9FD05A8 /* Pods_SzimplaClient_Tests.framework */ = {isa = PBXFileReference; explicitFileType = wrapper.framework; includeInIndex = 0; path = Pods_SzimplaClient_Tests.framework; sourceTree = BUILT_PRODUCTS_DIR; };
		994421DA8971DC5413BC38FA /* Szimpla.podspec */ = {isa = PBXFileReference; includeInIndex = 1; lastKnownFileType = text; name = Szimpla.podspec; path = ../Szimpla.podspec; sourceTree = "<group>"; };
		9EAA3D83AF43AE91DFFA0F41 /* Pods-SzimplaServer_Tests.release.xcconfig */ = {isa = PBXFileReference; includeInIndex = 1; lastKnownFileType = text.xcconfig; name = "Pods-SzimplaServer_Tests.release.xcconfig"; path = "Pods/Target Support Files/Pods-SzimplaServer_Tests/Pods-SzimplaServer_Tests.release.xcconfig"; sourceTree = "<group>"; };
		A4223FE09FC483F80BB11AE8 /* Pods-SzimplaServer_Tests.debug.xcconfig */ = {isa = PBXFileReference; includeInIndex = 1; lastKnownFileType = text.xcconfig; name = "Pods-SzimplaServer_Tests.debug.xcconfig"; path = "Pods/Target Support Files/Pods-SzimplaServer_Tests/Pods-SzimplaServer_Tests.debug.xcconfig"; sourceTree = "<group>"; };
		AF12E56E893050CCFB4A07DF /* Pods-App.debug.xcconfig */ = {isa = PBXFileReference; includeInIndex = 1; lastKnownFileType = text.xcconfig; name = "Pods-App.debug.xcconfig"; path = "Pods/Target Support Files/Pods-App/Pods-App.debug.xcconfig"; sourceTree = "<group>"; };
		CCE884FCA1739E4CFDA287C9 /* Pods-App.release.xcconfig */ = {isa = PBXFileReference; includeInIndex = 1; lastKnownFileType = text.xcconfig; name = "Pods-App.release.xcconfig"; path = "Pods/Target Support Files/Pods-App/Pods-App.release.xcconfig"; sourceTree = "<group>"; };
		DDFF4D381F7D4161DAB10C6A /* Pods_App.framework */ = {isa = PBXFileReference; explicitFileType = wrapper.framework; includeInIndex = 0; path = Pods_App.framework; sourceTree = BUILT_PRODUCTS_DIR; };
		E101AB420F471CC560A3DB96 /* README.md */ = {isa = PBXFileReference; includeInIndex = 1; lastKnownFileType = net.daringfireball.markdown; name = README.md; path = ../README.md; sourceTree = "<group>"; };
		E2BA0304589E95368B14D347 /* LICENSE */ = {isa = PBXFileReference; includeInIndex = 1; lastKnownFileType = text; name = LICENSE; path = ../LICENSE; sourceTree = "<group>"; };
		EA49CEB29A26CC1D14DA71D3 /* Pods_AppUITests.framework */ = {isa = PBXFileReference; explicitFileType = wrapper.framework; includeInIndex = 0; path = Pods_AppUITests.framework; sourceTree = BUILT_PRODUCTS_DIR; };
		F47BD77AAEF43D825C874926 /* Pods-ClientTests.release.xcconfig */ = {isa = PBXFileReference; includeInIndex = 1; lastKnownFileType = text.xcconfig; name = "Pods-ClientTests.release.xcconfig"; path = "Pods/Target Support Files/Pods-ClientTests/Pods-ClientTests.release.xcconfig"; sourceTree = "<group>"; };
/* End PBXFileReference section */

/* Begin PBXFrameworksBuildPhase section */
		232A56E41D2DFD3200BE0405 /* Frameworks */ = {
			isa = PBXFrameworksBuildPhase;
			buildActionMask = 2147483647;
			files = (
				775B4403E3DE061AEBC8F588 /* Pods_ClientTests.framework in Frameworks */,
			);
			runOnlyForDeploymentPostprocessing = 0;
		};
		232A56F01D2DFD8300BE0405 /* Frameworks */ = {
			isa = PBXFrameworksBuildPhase;
			buildActionMask = 2147483647;
			files = (
				17AD835499E5B526C176A4A0 /* Pods_ServerTests.framework in Frameworks */,
			);
			runOnlyForDeploymentPostprocessing = 0;
		};
/* End PBXFrameworksBuildPhase section */

/* Begin PBXGroup section */
		171856F4324F2163E05A9367 /* Pods */ = {
			isa = PBXGroup;
			children = (
				3A1A639891F9CE36431488FB /* Pods-Szimpla_Tests.debug.xcconfig */,
				0852BBBAB129C23884212543 /* Pods-Szimpla_Tests.release.xcconfig */,
				AF12E56E893050CCFB4A07DF /* Pods-App.debug.xcconfig */,
				CCE884FCA1739E4CFDA287C9 /* Pods-App.release.xcconfig */,
				1B83145D5E4163B6575A6546 /* Pods-AppUITests.debug.xcconfig */,
				7971F139D9B40EC3D8CEF6D1 /* Pods-AppUITests.release.xcconfig */,
				66DF20FC0BE9C0541DFD6CD0 /* Pods-SzimplaClient_Tests.debug.xcconfig */,
				76F845230F293ABF5C5324F1 /* Pods-SzimplaClient_Tests.release.xcconfig */,
				A4223FE09FC483F80BB11AE8 /* Pods-SzimplaServer_Tests.debug.xcconfig */,
				9EAA3D83AF43AE91DFFA0F41 /* Pods-SzimplaServer_Tests.release.xcconfig */,
				40B86883224893E75A3CA9FB /* Pods-ClientTests.debug.xcconfig */,
				F47BD77AAEF43D825C874926 /* Pods-ClientTests.release.xcconfig */,
				5696B604BEA41D164E328E20 /* Pods-ServerTests.debug.xcconfig */,
				21ADC4365660F4D871635F9C /* Pods-ServerTests.release.xcconfig */,
			);
			name = Pods;
			sourceTree = "<group>";
		};
		232A56E81D2DFD3200BE0405 /* ClientTests */ = {
			isa = PBXGroup;
			children = (
				232A57181D2E2FA600BE0405 /* Filters */,
				232A57131D2E2E5400BE0405 /* Utils */,
				232A57101D2E2CE800BE0405 /* Validators */,
				232A570B1D2E216400BE0405 /* Models */,
				232A57051D2E1DB500BE0405 /* Fetchers */,
				232A56EB1D2DFD3200BE0405 /* Info.plist */,
			);
			path = ClientTests;
			sourceTree = "<group>";
		};
		232A56F41D2DFD8300BE0405 /* ServerTests */ = {
			isa = PBXGroup;
			children = (
				232A56FE1D2E0B5A00BE0405 /* UrlProtocolSpec.swift */,
				232A56F51D2DFD8300BE0405 /* ServerSpec.swift */,
				232A56F71D2DFD8300BE0405 /* Info.plist */,
			);
			path = ServerTests;
			sourceTree = "<group>";
		};
		232A57051D2E1DB500BE0405 /* Fetchers */ = {
			isa = PBXGroup;
			children = (
				232A57061D2E1DD300BE0405 /* RequestRemoteFetcherSpec.swift */,
				232A570E1D2E2A8000BE0405 /* RequestsLocalFetcherSpec.swift */,
			);
			path = Fetchers;
			sourceTree = "<group>";
		};
		232A570B1D2E216400BE0405 /* Models */ = {
			isa = PBXGroup;
			children = (
				232A570C1D2E216400BE0405 /* RequestSpec.swift */,
			);
			path = Models;
			sourceTree = "<group>";
		};
		232A57101D2E2CE800BE0405 /* Validators */ = {
			isa = PBXGroup;
			children = (
				232A57111D2E2CE800BE0405 /* DefaultValidatorSpec.swift */,
			);
			path = Validators;
			sourceTree = "<group>";
		};
		232A57131D2E2E5400BE0405 /* Utils */ = {
			isa = PBXGroup;
			children = (
				232A57141D2E2E5400BE0405 /* FileManagerSpec.swift */,
			);
			path = Utils;
			sourceTree = "<group>";
		};
		232A57181D2E2FA600BE0405 /* Filters */ = {
			isa = PBXGroup;
			children = (
				232A57191D2E2FA600BE0405 /* URLRequestFilterSpec.swift */,
			);
			path = Filters;
			sourceTree = "<group>";
		};
		607FACC71AFB9204008FA782 = {
			isa = PBXGroup;
			children = (
				607FACF51AFB993E008FA782 /* Podspec Metadata */,
				232A56E81D2DFD3200BE0405 /* ClientTests */,
				232A56F41D2DFD8300BE0405 /* ServerTests */,
				607FACD11AFB9204008FA782 /* Products */,
				171856F4324F2163E05A9367 /* Pods */,
				BE33D981CA66631C92E4E6BF /* Frameworks */,
			);
			sourceTree = "<group>";
		};
		607FACD11AFB9204008FA782 /* Products */ = {
			isa = PBXGroup;
			children = (
				232A56E71D2DFD3200BE0405 /* ClientTests.xctest */,
				232A56F31D2DFD8300BE0405 /* ServerTests.xctest */,
			);
			name = Products;
			sourceTree = "<group>";
		};
		607FACF51AFB993E008FA782 /* Podspec Metadata */ = {
			isa = PBXGroup;
			children = (
				994421DA8971DC5413BC38FA /* Szimpla.podspec */,
				E101AB420F471CC560A3DB96 /* README.md */,
				E2BA0304589E95368B14D347 /* LICENSE */,
			);
			name = "Podspec Metadata";
			sourceTree = "<group>";
		};
		BE33D981CA66631C92E4E6BF /* Frameworks */ = {
			isa = PBXGroup;
			children = (
				72B147945EFF466A44B7FDC7 /* Pods_Szimpla_Tests.framework */,
				DDFF4D381F7D4161DAB10C6A /* Pods_App.framework */,
				EA49CEB29A26CC1D14DA71D3 /* Pods_AppUITests.framework */,
				927247C7606FDF18A9FD05A8 /* Pods_SzimplaClient_Tests.framework */,
				7671EB4919FA180796400666 /* Pods_SzimplaServer_Tests.framework */,
				21BFC3AB763FC54E9ACC4565 /* Pods_ClientTests.framework */,
				67CA0CB33EC95327DE33555F /* Pods_ServerTests.framework */,
			);
			name = Frameworks;
			sourceTree = "<group>";
		};
/* End PBXGroup section */

/* Begin PBXNativeTarget section */
		232A56E61D2DFD3200BE0405 /* ClientTests */ = {
			isa = PBXNativeTarget;
			buildConfigurationList = 232A56EC1D2DFD3200BE0405 /* Build configuration list for PBXNativeTarget "ClientTests" */;
			buildPhases = (
				1583126F0281A5136D9574CA /* [CP] Check Pods Manifest.lock */,
				232A56E31D2DFD3200BE0405 /* Sources */,
				232A56E41D2DFD3200BE0405 /* Frameworks */,
				232A56E51D2DFD3200BE0405 /* Resources */,
				80085FDE359C416480596F95 /* [CP] Embed Pods Frameworks */,
				41BCF484CD266A7A0CF63018 /* [CP] Copy Pods Resources */,
			);
			buildRules = (
			);
			dependencies = (
			);
			name = ClientTests;
			productName = ClientTests;
			productReference = 232A56E71D2DFD3200BE0405 /* ClientTests.xctest */;
			productType = "com.apple.product-type.bundle.unit-test";
		};
		232A56F21D2DFD8300BE0405 /* ServerTests */ = {
			isa = PBXNativeTarget;
			buildConfigurationList = 232A56F81D2DFD8300BE0405 /* Build configuration list for PBXNativeTarget "ServerTests" */;
			buildPhases = (
				FAF4C14B2E52167EB5FF6AF7 /* [CP] Check Pods Manifest.lock */,
				232A56EF1D2DFD8300BE0405 /* Sources */,
				232A56F01D2DFD8300BE0405 /* Frameworks */,
				232A56F11D2DFD8300BE0405 /* Resources */,
				5E612EDE9C1ADB5BD8AA7B13 /* [CP] Embed Pods Frameworks */,
				DE79DAA276C3D9033E152FC8 /* [CP] Copy Pods Resources */,
			);
			buildRules = (
			);
			dependencies = (
			);
			name = ServerTests;
			productName = ServerTests;
			productReference = 232A56F31D2DFD8300BE0405 /* ServerTests.xctest */;
			productType = "com.apple.product-type.bundle.unit-test";
		};
/* End PBXNativeTarget section */

/* Begin PBXProject section */
		607FACC81AFB9204008FA782 /* Project object */ = {
			isa = PBXProject;
			attributes = {
				LastSwiftUpdateCheck = 0730;
				LastUpgradeCheck = 0720;
				ORGANIZATIONNAME = CocoaPods;
				TargetAttributes = {
					232A56E61D2DFD3200BE0405 = {
						CreatedOnToolsVersion = 7.3.1;
					};
					232A56F21D2DFD8300BE0405 = {
						CreatedOnToolsVersion = 7.3.1;
					};
				};
			};
			buildConfigurationList = 607FACCB1AFB9204008FA782 /* Build configuration list for PBXProject "Szimpla" */;
			compatibilityVersion = "Xcode 3.2";
			developmentRegion = English;
			hasScannedForEncodings = 0;
			knownRegions = (
				en,
				Base,
			);
			mainGroup = 607FACC71AFB9204008FA782;
			productRefGroup = 607FACD11AFB9204008FA782 /* Products */;
			projectDirPath = "";
			projectRoot = "";
			targets = (
				232A56E61D2DFD3200BE0405 /* ClientTests */,
				232A56F21D2DFD8300BE0405 /* ServerTests */,
			);
		};
/* End PBXProject section */

/* Begin PBXResourcesBuildPhase section */
		232A56E51D2DFD3200BE0405 /* Resources */ = {
			isa = PBXResourcesBuildPhase;
			buildActionMask = 2147483647;
			files = (
			);
			runOnlyForDeploymentPostprocessing = 0;
		};
		232A56F11D2DFD8300BE0405 /* Resources */ = {
			isa = PBXResourcesBuildPhase;
			buildActionMask = 2147483647;
			files = (
			);
			runOnlyForDeploymentPostprocessing = 0;
		};
/* End PBXResourcesBuildPhase section */

/* Begin PBXShellScriptBuildPhase section */
		1583126F0281A5136D9574CA /* [CP] Check Pods Manifest.lock */ = {
			isa = PBXShellScriptBuildPhase;
			buildActionMask = 2147483647;
			files = (
			);
			inputPaths = (
			);
			name = "[CP] Check Pods Manifest.lock";
			outputPaths = (
			);
			runOnlyForDeploymentPostprocessing = 0;
			shellPath = /bin/sh;
			shellScript = "diff \"${PODS_ROOT}/../Podfile.lock\" \"${PODS_ROOT}/Manifest.lock\" > /dev/null\nif [[ $? != 0 ]] ; then\n    cat << EOM\nerror: The sandbox is not in sync with the Podfile.lock. Run 'pod install' or update your CocoaPods installation.\nEOM\n    exit 1\nfi\n";
			showEnvVarsInLog = 0;
		};
		41BCF484CD266A7A0CF63018 /* [CP] Copy Pods Resources */ = {
			isa = PBXShellScriptBuildPhase;
			buildActionMask = 2147483647;
			files = (
			);
			inputPaths = (
			);
			name = "[CP] Copy Pods Resources";
			outputPaths = (
			);
			runOnlyForDeploymentPostprocessing = 0;
			shellPath = /bin/sh;
			shellScript = "\"${SRCROOT}/Pods/Target Support Files/Pods-ClientTests/Pods-ClientTests-resources.sh\"\n";
			showEnvVarsInLog = 0;
		};
		5E612EDE9C1ADB5BD8AA7B13 /* [CP] Embed Pods Frameworks */ = {
			isa = PBXShellScriptBuildPhase;
			buildActionMask = 2147483647;
			files = (
			);
			inputPaths = (
			);
			name = "[CP] Embed Pods Frameworks";
			outputPaths = (
			);
			runOnlyForDeploymentPostprocessing = 0;
			shellPath = /bin/sh;
			shellScript = "\"${SRCROOT}/Pods/Target Support Files/Pods-ServerTests/Pods-ServerTests-frameworks.sh\"\n";
			showEnvVarsInLog = 0;
		};
		80085FDE359C416480596F95 /* [CP] Embed Pods Frameworks */ = {
			isa = PBXShellScriptBuildPhase;
			buildActionMask = 2147483647;
			files = (
			);
			inputPaths = (
			);
			name = "[CP] Embed Pods Frameworks";
			outputPaths = (
			);
			runOnlyForDeploymentPostprocessing = 0;
			shellPath = /bin/sh;
			shellScript = "\"${SRCROOT}/Pods/Target Support Files/Pods-ClientTests/Pods-ClientTests-frameworks.sh\"\n";
			showEnvVarsInLog = 0;
		};
		DE79DAA276C3D9033E152FC8 /* [CP] Copy Pods Resources */ = {
			isa = PBXShellScriptBuildPhase;
			buildActionMask = 2147483647;
			files = (
			);
			inputPaths = (
			);
			name = "[CP] Copy Pods Resources";
			outputPaths = (
			);
			runOnlyForDeploymentPostprocessing = 0;
			shellPath = /bin/sh;
			shellScript = "\"${SRCROOT}/Pods/Target Support Files/Pods-ServerTests/Pods-ServerTests-resources.sh\"\n";
			showEnvVarsInLog = 0;
		};
		FAF4C14B2E52167EB5FF6AF7 /* [CP] Check Pods Manifest.lock */ = {
			isa = PBXShellScriptBuildPhase;
			buildActionMask = 2147483647;
			files = (
			);
			inputPaths = (
			);
			name = "[CP] Check Pods Manifest.lock";
			outputPaths = (
			);
			runOnlyForDeploymentPostprocessing = 0;
			shellPath = /bin/sh;
			shellScript = "diff \"${PODS_ROOT}/../Podfile.lock\" \"${PODS_ROOT}/Manifest.lock\" > /dev/null\nif [[ $? != 0 ]] ; then\n    cat << EOM\nerror: The sandbox is not in sync with the Podfile.lock. Run 'pod install' or update your CocoaPods installation.\nEOM\n    exit 1\nfi\n";
			showEnvVarsInLog = 0;
		};
/* End PBXShellScriptBuildPhase section */

/* Begin PBXSourcesBuildPhase section */
		232A56E31D2DFD3200BE0405 /* Sources */ = {
			isa = PBXSourcesBuildPhase;
			buildActionMask = 2147483647;
			files = (
				232A57071D2E1DD300BE0405 /* RequestRemoteFetcherSpec.swift in Sources */,
				232A571A1D2E2FA600BE0405 /* URLRequestFilterSpec.swift in Sources */,
				232A57151D2E2E5400BE0405 /* FileManagerSpec.swift in Sources */,
				232A570D1D2E216400BE0405 /* RequestSpec.swift in Sources */,
				232A570F1D2E2A8000BE0405 /* RequestsLocalFetcherSpec.swift in Sources */,
				232A57121D2E2CE800BE0405 /* DefaultValidatorSpec.swift in Sources */,
			);
			runOnlyForDeploymentPostprocessing = 0;
		};
		232A56EF1D2DFD8300BE0405 /* Sources */ = {
			isa = PBXSourcesBuildPhase;
			buildActionMask = 2147483647;
			files = (
				232A56FF1D2E0B5A00BE0405 /* UrlProtocolSpec.swift in Sources */,
				232A56F61D2DFD8300BE0405 /* ServerSpec.swift in Sources */,
			);
			runOnlyForDeploymentPostprocessing = 0;
		};
/* End PBXSourcesBuildPhase section */

/* Begin XCBuildConfiguration section */
		232A56ED1D2DFD3200BE0405 /* Debug */ = {
			isa = XCBuildConfiguration;
			baseConfigurationReference = 40B86883224893E75A3CA9FB /* Pods-ClientTests.debug.xcconfig */;
			buildSettings = {
				CLANG_ANALYZER_NONNULL = YES;
				DEBUG_INFORMATION_FORMAT = dwarf;
				INFOPLIST_FILE = ClientTests/Info.plist;
				IPHONEOS_DEPLOYMENT_TARGET = 9.3;
				LD_RUNPATH_SEARCH_PATHS = "$(inherited) @executable_path/Frameworks @loader_path/Frameworks";
				PRODUCT_BUNDLE_IDENTIFIER = es.ppinera.ClientTests;
				PRODUCT_NAME = "$(TARGET_NAME)";
			};
			name = Debug;
		};
		232A56EE1D2DFD3200BE0405 /* Release */ = {
			isa = XCBuildConfiguration;
			baseConfigurationReference = F47BD77AAEF43D825C874926 /* Pods-ClientTests.release.xcconfig */;
			buildSettings = {
				CLANG_ANALYZER_NONNULL = YES;
				INFOPLIST_FILE = ClientTests/Info.plist;
				IPHONEOS_DEPLOYMENT_TARGET = 9.3;
				LD_RUNPATH_SEARCH_PATHS = "$(inherited) @executable_path/Frameworks @loader_path/Frameworks";
				PRODUCT_BUNDLE_IDENTIFIER = es.ppinera.ClientTests;
				PRODUCT_NAME = "$(TARGET_NAME)";
			};
			name = Release;
		};
		232A56F91D2DFD8300BE0405 /* Debug */ = {
			isa = XCBuildConfiguration;
			baseConfigurationReference = 5696B604BEA41D164E328E20 /* Pods-ServerTests.debug.xcconfig */;
			buildSettings = {
				CLANG_ANALYZER_NONNULL = YES;
				DEBUG_INFORMATION_FORMAT = dwarf;
				INFOPLIST_FILE = ServerTests/Info.plist;
				IPHONEOS_DEPLOYMENT_TARGET = 9.3;
				LD_RUNPATH_SEARCH_PATHS = "$(inherited) @executable_path/Frameworks @loader_path/Frameworks";
				PRODUCT_BUNDLE_IDENTIFIER = es.ppinera.ServerTests;
				PRODUCT_NAME = "$(TARGET_NAME)";
			};
			name = Debug;
		};
		232A56FA1D2DFD8300BE0405 /* Release */ = {
			isa = XCBuildConfiguration;
			baseConfigurationReference = 21ADC4365660F4D871635F9C /* Pods-ServerTests.release.xcconfig */;
			buildSettings = {
				CLANG_ANALYZER_NONNULL = YES;
				INFOPLIST_FILE = ServerTests/Info.plist;
				IPHONEOS_DEPLOYMENT_TARGET = 9.3;
				LD_RUNPATH_SEARCH_PATHS = "$(inherited) @executable_path/Frameworks @loader_path/Frameworks";
				PRODUCT_BUNDLE_IDENTIFIER = es.ppinera.ServerTests;
				PRODUCT_NAME = "$(TARGET_NAME)";
			};
			name = Release;
		};
		607FACED1AFB9204008FA782 /* Debug */ = {
			isa = XCBuildConfiguration;
			buildSettings = {
				ALWAYS_SEARCH_USER_PATHS = NO;
				CLANG_CXX_LANGUAGE_STANDARD = "gnu++0x";
				CLANG_CXX_LIBRARY = "libc++";
				CLANG_ENABLE_MODULES = YES;
				CLANG_ENABLE_OBJC_ARC = YES;
				CLANG_WARN_BOOL_CONVERSION = YES;
				CLANG_WARN_CONSTANT_CONVERSION = YES;
				CLANG_WARN_DIRECT_OBJC_ISA_USAGE = YES_ERROR;
				CLANG_WARN_EMPTY_BODY = YES;
				CLANG_WARN_ENUM_CONVERSION = YES;
				CLANG_WARN_INT_CONVERSION = YES;
				CLANG_WARN_OBJC_ROOT_CLASS = YES_ERROR;
				CLANG_WARN_UNREACHABLE_CODE = YES;
				CLANG_WARN__DUPLICATE_METHOD_MATCH = YES;
				"CODE_SIGN_IDENTITY[sdk=iphoneos*]" = "iPhone Developer";
				COPY_PHASE_STRIP = NO;
				DEBUG_INFORMATION_FORMAT = "dwarf-with-dsym";
				ENABLE_STRICT_OBJC_MSGSEND = YES;
				ENABLE_TESTABILITY = YES;
				GCC_C_LANGUAGE_STANDARD = gnu99;
				GCC_DYNAMIC_NO_PIC = NO;
				GCC_NO_COMMON_BLOCKS = YES;
				GCC_OPTIMIZATION_LEVEL = 0;
				GCC_PREPROCESSOR_DEFINITIONS = (
					"DEBUG=1",
					"$(inherited)",
				);
				GCC_SYMBOLS_PRIVATE_EXTERN = NO;
				GCC_WARN_64_TO_32_BIT_CONVERSION = YES;
				GCC_WARN_ABOUT_RETURN_TYPE = YES_ERROR;
				GCC_WARN_UNDECLARED_SELECTOR = YES;
				GCC_WARN_UNINITIALIZED_AUTOS = YES_AGGRESSIVE;
				GCC_WARN_UNUSED_FUNCTION = YES;
				GCC_WARN_UNUSED_VARIABLE = YES;
				IPHONEOS_DEPLOYMENT_TARGET = 8.3;
				MTL_ENABLE_DEBUG_INFO = YES;
				ONLY_ACTIVE_ARCH = YES;
				SDKROOT = iphoneos;
				SWIFT_OPTIMIZATION_LEVEL = "-Onone";
			};
			name = Debug;
		};
		607FACEE1AFB9204008FA782 /* Release */ = {
			isa = XCBuildConfiguration;
			buildSettings = {
				ALWAYS_SEARCH_USER_PATHS = NO;
				CLANG_CXX_LANGUAGE_STANDARD = "gnu++0x";
				CLANG_CXX_LIBRARY = "libc++";
				CLANG_ENABLE_MODULES = YES;
				CLANG_ENABLE_OBJC_ARC = YES;
				CLANG_WARN_BOOL_CONVERSION = YES;
				CLANG_WARN_CONSTANT_CONVERSION = YES;
				CLANG_WARN_DIRECT_OBJC_ISA_USAGE = YES_ERROR;
				CLANG_WARN_EMPTY_BODY = YES;
				CLANG_WARN_ENUM_CONVERSION = YES;
				CLANG_WARN_INT_CONVERSION = YES;
				CLANG_WARN_OBJC_ROOT_CLASS = YES_ERROR;
				CLANG_WARN_UNREACHABLE_CODE = YES;
				CLANG_WARN__DUPLICATE_METHOD_MATCH = YES;
				"CODE_SIGN_IDENTITY[sdk=iphoneos*]" = "iPhone Developer";
				COPY_PHASE_STRIP = NO;
				DEBUG_INFORMATION_FORMAT = "dwarf-with-dsym";
				ENABLE_NS_ASSERTIONS = NO;
				ENABLE_STRICT_OBJC_MSGSEND = YES;
				GCC_C_LANGUAGE_STANDARD = gnu99;
				GCC_NO_COMMON_BLOCKS = YES;
				GCC_WARN_64_TO_32_BIT_CONVERSION = YES;
				GCC_WARN_ABOUT_RETURN_TYPE = YES_ERROR;
				GCC_WARN_UNDECLARED_SELECTOR = YES;
				GCC_WARN_UNINITIALIZED_AUTOS = YES_AGGRESSIVE;
				GCC_WARN_UNUSED_FUNCTION = YES;
				GCC_WARN_UNUSED_VARIABLE = YES;
				IPHONEOS_DEPLOYMENT_TARGET = 8.3;
				MTL_ENABLE_DEBUG_INFO = NO;
				SDKROOT = iphoneos;
				VALIDATE_PRODUCT = YES;
			};
			name = Release;
		};
/* End XCBuildConfiguration section */

/* Begin XCConfigurationList section */
		232A56EC1D2DFD3200BE0405 /* Build configuration list for PBXNativeTarget "ClientTests" */ = {
			isa = XCConfigurationList;
			buildConfigurations = (
				232A56ED1D2DFD3200BE0405 /* Debug */,
				232A56EE1D2DFD3200BE0405 /* Release */,
			);
			defaultConfigurationIsVisible = 0;
			defaultConfigurationName = Release;
		};
		232A56F81D2DFD8300BE0405 /* Build configuration list for PBXNativeTarget "ServerTests" */ = {
			isa = XCConfigurationList;
			buildConfigurations = (
				232A56F91D2DFD8300BE0405 /* Debug */,
				232A56FA1D2DFD8300BE0405 /* Release */,
			);
			defaultConfigurationIsVisible = 0;
			defaultConfigurationName = Release;
		};
		607FACCB1AFB9204008FA782 /* Build configuration list for PBXProject "Szimpla" */ = {
			isa = XCConfigurationList;
			buildConfigurations = (
				607FACED1AFB9204008FA782 /* Debug */,
				607FACEE1AFB9204008FA782 /* Release */,
			);
			defaultConfigurationIsVisible = 0;
			defaultConfigurationName = Release;
		};
/* End XCConfigurationList section */
	};
	rootObject = 607FACC81AFB9204008FA782 /* Project object */;
}
